
Microsoft Visual Studio Solution File, Format Version 12.00
# Visual Studio Version 17
VisualStudioVersion = 17.11.35219.272
MinimumVisualStudioVersion = 10.0.40219.1
Project("{FAE04EC0-301F-11D3-BF4B-00C04F79EFBC}") = "demidov", "demidov.csproj", "{FE6FEECC-B8F0-44B6-86FE-54EED5D53A24}"
EndProject
Global
	GlobalSection(SolutionConfigurationPlatforms) = preSolution
		Debug|Any CPU = Debug|Any CPU
		Release|Any CPU = Release|Any CPU
	EndGlobalSection
	GlobalSection(ProjectConfigurationPlatforms) = postSolution
		{FE6FEECC-B8F0-44B6-86FE-54EED5D53A24}.Debug|Any CPU.ActiveCfg = Debug|Any CPU
		{FE6FEECC-B8F0-44B6-86FE-54EED5D53A24}.Debug|Any CPU.Build.0 = Debug|Any CPU
		{FE6FEECC-B8F0-44B6-86FE-54EED5D53A24}.Release|Any CPU.ActiveCfg = Release|Any CPU
		{FE6FEECC-B8F0-44B6-86FE-54EED5D53A24}.Release|Any CPU.Build.0 = Release|Any CPU
	EndGlobalSection
	GlobalSection(SolutionProperties) = preSolution
		HideSolutionNode = FALSE
	EndGlobalSection
	GlobalSection(ExtensibilityGlobals) = postSolution
		SolutionGuid = {2A029E67-6CE9-43B1-85A6-014642D8ED75}
	EndGlobalSection
EndGlobal
